
Microsoft Visual Studio Solution File, Format Version 12.00
# Visual Studio Version 16
VisualStudioVersion = 16.0.30907.101
MinimumVisualStudioVersion = 10.0.40219.1
Project("{9A19103F-16F7-4668-BE54-9A1E7A4F7556}") = "DataStructure", "DataStructure\DataStructure.csproj", "{53053890-FE9E-4660-9E8F-5E278581F8B7}"
EndProject
Project("{FAE04EC0-301F-11D3-BF4B-00C04F79EFBC}") = "NUnitTestProject", "NUnitTestProject\NUnitTestProject.csproj", "{1BE2C1E1-B20D-4CAA-B0CB-E42A290F1A9F}"
EndProject
Global
	GlobalSection(SolutionConfigurationPlatforms) = preSolution
		Debug|Any CPU = Debug|Any CPU
		Release|Any CPU = Release|Any CPU
	EndGlobalSection
	GlobalSection(ProjectConfigurationPlatforms) = postSolution
		{53053890-FE9E-4660-9E8F-5E278581F8B7}.Debug|Any CPU.ActiveCfg = Debug|Any CPU
		{53053890-FE9E-4660-9E8F-5E278581F8B7}.Debug|Any CPU.Build.0 = Debug|Any CPU
		{53053890-FE9E-4660-9E8F-5E278581F8B7}.Release|Any CPU.ActiveCfg = Release|Any CPU
		{53053890-FE9E-4660-9E8F-5E278581F8B7}.Release|Any CPU.Build.0 = Release|Any CPU
		{1BE2C1E1-B20D-4CAA-B0CB-E42A290F1A9F}.Debug|Any CPU.ActiveCfg = Debug|Any CPU
		{1BE2C1E1-B20D-4CAA-B0CB-E42A290F1A9F}.Debug|Any CPU.Build.0 = Debug|Any CPU
		{1BE2C1E1-B20D-4CAA-B0CB-E42A290F1A9F}.Release|Any CPU.ActiveCfg = Release|Any CPU
		{1BE2C1E1-B20D-4CAA-B0CB-E42A290F1A9F}.Release|Any CPU.Build.0 = Release|Any CPU
	EndGlobalSection
	GlobalSection(SolutionProperties) = preSolution
		HideSolutionNode = FALSE
	EndGlobalSection
	GlobalSection(ExtensibilityGlobals) = postSolution
		SolutionGuid = {2A3A49BD-88C0-48BE-94B7-51B29ACC2C52}
	EndGlobalSection
EndGlobal
